github.com/gopacket/gopacket v1.3.2-0.20250413014114-86eba08a1dcd h1:iwhhr3G7IK7Dv8wrirAc+a+PTVfwAKBX9hYj6mh2hro=
github.com/gopacket/gopacket v1.3.2-0.20250413014114-86eba08a1dcd/go.mod h1:EpvsxINeehp5qj4YMKMLf2/dekdhKn2IIAO/ZOifS7o=
github.com/hwipl/packet-go v0.0.0-20250428081418-199f0d8ff262 h1:DAbAe4eEM9Xc8yjdLWIrsQ28Uehpbr3noW6Jhkws8ho=
github.com/hwipl/packet-go v0.0.0-20250428081418-199f0d8ff262/go.mod h1:rlf1KB0q1N33Ok4qjoktv0fMrvEV9Uc8JBQ7IGUplww=
github.com/hwipl/smc-go v0.0.0-20240924114116-ca917b025fe2 h1:LYYraMeSoqQhcDFlbUY5NTg8k6AnCX6Cx2Vz1nZRgUs=
github.com/hwipl/smc-go v0.0.0-20240924114116-ca917b025fe2/go.mod h1:wx049mhU6fOFR47j5N+DHZMZ/rEJMM3FO2IoC5fwEOU=
github.com/vishvananda/netlink v1.1.0 h1:1iyaYNBLmP6L0220aDnYQpo1QEV4t4hJ+xEEhhJH8j0=
github.com/vishvananda/netlink v1.1.0/go.mod h1:cTgwzPIzzgDAYoQrMm0EdrjRUBkTqKYppBueQtXaqoE=
github.com/vishvananda/netns v0.0.0-20211101163701-50045581ed74 h1:gga7acRE695APm9hlsSMoOoE65U4/TcqNj90mc69Rlg=
github.com/vishvananda/netns v0.0.0-20211101163701-50045581ed74/go.mod h1:DD4vA1DwXk04H54A1oHXtwZmA0grkVMdPxx/VGLCah0=
golang.org/x/net v0.39.0 h1:ZCu7HMWDxpXpaiKdhzIfaltL9Lp31x/3fCP11bc6/fY=
golang.org/x/net v0.39.0/go.mod h1:X7NRbYVEA+ewNkCNyJ513WmMdQ3BineSwVtN2zD/d+E=
golang.org/x/sys v0.32.0 h1:s77OFDvIQeibCmezSnk/q6iAfkdiQaJi4VzroCFrN20=
golang.org/x/sys v0.32.0/go.mod h1:BJP2sWEmIv4KK5OTEluFJCKSidICx8ciO85XgH3Ak8k=
