github.com/gopacket/gopacket v1.3.1 h1:ZppWyLrOJNZPe5XkdjLbtuTkfQoxQ0xyMJzQCqtqaPU=
github.com/gopacket/gopacket v1.3.1/go.mod h1:3I13qcqSpB2R9fFQg866OOgzylYkZxLTmkvcXhvf6qg=
github.com/hwipl/packet-go v0.0.0-20250326060520-0a0b9eecf032 h1:slZWLGHOlmCYteGGS8F/H/e2NKqWOui3luBnAY4oDwY=
github.com/hwipl/packet-go v0.0.0-20250326060520-0a0b9eecf032/go.mod h1:ly+cw7s6L1guaRO90KqdhJuRpI9xEGRa/mulBTjYaqc=
github.com/hwipl/smc-go v0.0.0-20240924114116-ca917b025fe2 h1:LYYraMeSoqQhcDFlbUY5NTg8k6AnCX6Cx2Vz1nZRgUs=
github.com/hwipl/smc-go v0.0.0-20240924114116-ca917b025fe2/go.mod h1:wx049mhU6fOFR47j5N+DHZMZ/rEJMM3FO2IoC5fwEOU=
github.com/vishvananda/netlink v1.1.0 h1:1iyaYNBLmP6L0220aDnYQpo1QEV4t4hJ+xEEhhJH8j0=
github.com/vishvananda/netlink v1.1.0/go.mod h1:cTgwzPIzzgDAYoQrMm0EdrjRUBkTqKYppBueQtXaqoE=
github.com/vishvananda/netns v0.0.0-20211101163701-50045581ed74 h1:gga7acRE695APm9hlsSMoOoE65U4/TcqNj90mc69Rlg=
github.com/vishvananda/netns v0.0.0-20211101163701-50045581ed74/go.mod h1:DD4vA1DwXk04H54A1oHXtwZmA0grkVMdPxx/VGLCah0=
golang.org/x/net v0.37.0 h1:1zLorHbz+LYj7MQlSf1+2tPIIgibq2eL5xkrGk6f+2c=
golang.org/x/net v0.37.0/go.mod h1:ivrbrMbzFq5J41QOQh0siUuly180yBYtLp+CKbEaFx8=
golang.org/x/sys v0.31.0 h1:ioabZlmFYtWhL+TRYpcnNlLwhyxaM9kWTDEmfnprqik=
golang.org/x/sys v0.31.0/go.mod h1:BJP2sWEmIv4KK5OTEluFJCKSidICx8ciO85XgH3Ak8k=
